
Microsoft Visual Studio Solution File, Format Version 12.00
# Visual Studio Version 17
VisualStudioVersion = 17.7.34031.279
MinimumVisualStudioVersion = 10.0.40219.1
Project("{FAE04EC0-301F-11D3-BF4B-00C04F79EFBC}") = "Redesign-disbudpar", "Redesign-disbudpar\Redesign-disbudpar.csproj", "{551A7048-E3DD-42AF-BE32-3083C3A4032A}"
EndProject
Global
	GlobalSection(SolutionConfigurationPlatforms) = preSolution
		Debug|Any CPU = Debug|Any CPU
		Release|Any CPU = Release|Any CPU
	EndGlobalSection
	GlobalSection(ProjectConfigurationPlatforms) = postSolution
		{551A7048-E3DD-42AF-BE32-3083C3A4032A}.Debug|Any CPU.ActiveCfg = Debug|Any CPU
		{551A7048-E3DD-42AF-BE32-3083C3A4032A}.Debug|Any CPU.Build.0 = Debug|Any CPU
		{551A7048-E3DD-42AF-BE32-3083C3A4032A}.Release|Any CPU.ActiveCfg = Release|Any CPU
		{551A7048-E3DD-42AF-BE32-3083C3A4032A}.Release|Any CPU.Build.0 = Release|Any CPU
	EndGlobalSection
	GlobalSection(SolutionProperties) = preSolution
		HideSolutionNode = FALSE
	EndGlobalSection
	GlobalSection(ExtensibilityGlobals) = postSolution
		SolutionGuid = {9AC36226-839F-4FD5-B0FA-4E9D0F59BA81}
	EndGlobalSection
EndGlobal
